// !$*UTF8*$!
{
	archiveVersion = 1;
	classes = {
	};
	objectVersion = 56;
	objects = {

/* Begin PBXBuildFile section */
		016FA3C62A581AEC00A3859C /* NavViewBootcampApp.swift in Sources */ = {isa = PBXBuildFile; fileRef = 016FA3C52A581AEC00A3859C /* NavViewBootcampApp.swift */; };
		016FA3C82A581AEC00A3859C /* ContentView.swift in Sources */ = {isa = PBXBuildFile; fileRef = 016FA3C72A581AEC00A3859C /* ContentView.swift */; };
		016FA3CA2A581AED00A3859C /* Assets.xcassets in Resources */ = {isa = PBXBuildFile; fileRef = 016FA3C92A581AED00A3859C /* Assets.xcassets */; };
		016FA3CD2A581AED00A3859C /* Preview Assets.xcassets in Resources */ = {isa = PBXBuildFile; fileRef = 016FA3CC2A581AED00A3859C /* Preview Assets.xcassets */; };
		016FA3D42A581B1000A3859C /* CustomNavBarContainerView.swift in Sources */ = {isa = PBXBuildFile; fileRef = 016FA3D32A581B1000A3859C /* CustomNavBarContainerView.swift */; };
		016FA3D62A581B2B00A3859C /* CustomNavBarPreferenceKeys.swift in Sources */ = {isa = PBXBuildFile; fileRef = 016FA3D52A581B2B00A3859C /* CustomNavBarPreferenceKeys.swift */; };
		016FA3D82A581B3600A3859C /* CustomNavBarView.swift in Sources */ = {isa = PBXBuildFile; fileRef = 016FA3D72A581B3600A3859C /* CustomNavBarView.swift */; };
		016FA3DA2A581B4000A3859C /* CustomNavLink.swift in Sources */ = {isa = PBXBuildFile; fileRef = 016FA3D92A581B4000A3859C /* CustomNavLink.swift */; };
		016FA3DC2A581B4900A3859C /* CustomNavView.swift in Sources */ = {isa = PBXBuildFile; fileRef = 016FA3DB2A581B4900A3859C /* CustomNavView.swift */; };
/* End PBXBuildFile section */

/* Begin PBXFileReference section */
		016FA3C22A581AEC00A3859C /* NavViewBootcamp.app */ = {isa = PBXFileReference; explicitFileType = wrapper.application; includeInIndex = 0; path = NavViewBootcamp.app; sourceTree = BUILT_PRODUCTS_DIR; };
		016FA3C52A581AEC00A3859C /* NavViewBootcampApp.swift */ = {isa = PBXFileReference; lastKnownFileType = sourcecode.swift; path = NavViewBootcampApp.swift; sourceTree = "<group>"; };
		016FA3C72A581AEC00A3859C /* ContentView.swift */ = {isa = PBXFileReference; lastKnownFileType = sourcecode.swift; path = ContentView.swift; sourceTree = "<group>"; };
		016FA3C92A581AED00A3859C /* Assets.xcassets */ = {isa = PBXFileReference; lastKnownFileType = folder.assetcatalog; path = Assets.xcassets; sourceTree = "<group>"; };
		016FA3CC2A581AED00A3859C /* Preview Assets.xcassets */ = {isa = PBXFileReference; lastKnownFileType = folder.assetcatalog; path = "Preview Assets.xcassets"; sourceTree = "<group>"; };
		016FA3D32A581B1000A3859C /* CustomNavBarContainerView.swift */ = {isa = PBXFileReference; lastKnownFileType = sourcecode.swift; path = CustomNavBarContainerView.swift; sourceTree = "<group>"; };
		016FA3D52A581B2B00A3859C /* CustomNavBarPreferenceKeys.swift */ = {isa = PBXFileReference; lastKnownFileType = sourcecode.swift; path = CustomNavBarPreferenceKeys.swift; sourceTree = "<group>"; };
		016FA3D72A581B3600A3859C /* CustomNavBarView.swift */ = {isa = PBXFileReference; lastKnownFileType = sourcecode.swift; path = CustomNavBarView.swift; sourceTree = "<group>"; };
		016FA3D92A581B4000A3859C /* CustomNavLink.swift */ = {isa = PBXFileReference; lastKnownFileType = sourcecode.swift; path = CustomNavLink.swift; sourceTree = "<group>"; };
		016FA3DB2A581B4900A3859C /* CustomNavView.swift */ = {isa = PBXFileReference; lastKnownFileType = sourcecode.swift; path = CustomNavView.swift; sourceTree = "<group>"; };
/* End PBXFileReference section */

/* Begin PBXFrameworksBuildPhase section */
		016FA3BF2A581AEC00A3859C /* Frameworks */ = {
			isa = PBXFrameworksBuildPhase;
			buildActionMask = 2147483647;
			files = (
			);
			runOnlyForDeploymentPostprocessing = 0;
		};
/* End PBXFrameworksBuildPhase section */

/* Begin PBXGroup section */
		016FA3B92A581AEC00A3859C = {
			isa = PBXGroup;
			children = (
				016FA3C42A581AEC00A3859C /* NavViewBootcamp */,
				016FA3C32A581AEC00A3859C /* Products */,
			);
			sourceTree = "<group>";
		};
		016FA3C32A581AEC00A3859C /* Products */ = {
			isa = PBXGroup;
			children = (
				016FA3C22A581AEC00A3859C /* NavViewBootcamp.app */,
			);
			name = Products;
			sourceTree = "<group>";
		};
		016FA3C42A581AEC00A3859C /* NavViewBootcamp */ = {
			isa = PBXGroup;
			children = (
				016FA3C52A581AEC00A3859C /* NavViewBootcampApp.swift */,
				016FA3C72A581AEC00A3859C /* ContentView.swift */,
				016FA3D32A581B1000A3859C /* CustomNavBarContainerView.swift */,
				016FA3D52A581B2B00A3859C /* CustomNavBarPreferenceKeys.swift */,
				016FA3D72A581B3600A3859C /* CustomNavBarView.swift */,
				016FA3D92A581B4000A3859C /* CustomNavLink.swift */,
				016FA3DB2A581B4900A3859C /* CustomNavView.swift */,
				016FA3C92A581AED00A3859C /* Assets.xcassets */,
				016FA3CB2A581AED00A3859C /* Preview Content */,
			);
			path = NavViewBootcamp;
			sourceTree = "<group>";
		};
		016FA3CB2A581AED00A3859C /* Preview Content */ = {
			isa = PBXGroup;
			children = (
				016FA3CC2A581AED00A3859C /* Preview Assets.xcassets */,
			);
			path = "Preview Content";
			sourceTree = "<group>";
		};
/* End PBXGroup section */

/* Begin PBXNativeTarget section */
		016FA3C12A581AEC00A3859C /* NavViewBootcamp */ = {
			isa = PBXNativeTarget;
			buildConfigurationList = 016FA3D02A581AED00A3859C /* Build configuration list for PBXNativeTarget "NavViewBootcamp" */;
			buildPhases = (
				016FA3BE2A581AEC00A3859C /* Sources */,
				016FA3BF2A581AEC00A3859C /* Frameworks */,
				016FA3C02A581AEC00A3859C /* Resources */,
			);
			buildRules = (
			);
			dependencies = (
			);
			name = NavViewBootcamp;
			productName = NavViewBootcamp;
			productReference = 016FA3C22A581AEC00A3859C /* NavViewBootcamp.app */;
			productType = "com.apple.product-type.application";
		};
/* End PBXNativeTarget section */

/* Begin PBXProject section */
		016FA3BA2A581AEC00A3859C /* Project object */ = {
			isa = PBXProject;
			attributes = {
				BuildIndependentTargetsInParallel = 1;
				LastSwiftUpdateCheck = 1430;
				LastUpgradeCheck = 1430;
				TargetAttributes = {
					016FA3C12A581AEC00A3859C = {
						CreatedOnToolsVersion = 14.3;
					};
				};
			};
			buildConfigurationList = 016FA3BD2A581AEC00A3859C /* Build configuration list for PBXProject "NavViewBootcamp" */;
			compatibilityVersion = "Xcode 14.0";
			developmentRegion = en;
			hasScannedForEncodings = 0;
			knownRegions = (
				en,
				Base,
			);
			mainGroup = 016FA3B92A581AEC00A3859C;
			productRefGroup = 016FA3C32A581AEC00A3859C /* Products */;
			projectDirPath = "";
			projectRoot = "";
			targets = (
				016FA3C12A581AEC00A3859C /* NavViewBootcamp */,
			);
		};
/* End PBXProject section */

/* Begin PBXResourcesBuildPhase section */
		016FA3C02A581AEC00A3859C /* Resources */ = {
			isa = PBXResourcesBuildPhase;
			buildActionMask = 2147483647;
			files = (
				016FA3CD2A581AED00A3859C /* Preview Assets.xcassets in Resources */,
				016FA3CA2A581AED00A3859C /* Assets.xcassets in Resources */,
			);
			runOnlyForDeploymentPostprocessing = 0;
		};
/* End PBXResourcesBuildPhase section */

/* Begin PBXSourcesBuildPhase section */
		016FA3BE2A581AEC00A3859C /* Sources */ = {
			isa = PBXSourcesBuildPhase;
			buildActionMask = 2147483647;
			files = (
				016FA3C82A581AEC00A3859C /* ContentView.swift in Sources */,
				016FA3C62A581AEC00A3859C /* NavViewBootcampApp.swift in Sources */,
				016FA3D62A581B2B00A3859C /* CustomNavBarPreferenceKeys.swift in Sources */,
				016FA3D42A581B1000A3859C /* CustomNavBarContainerView.swift in Sources */,
				016FA3DA2A581B4000A3859C /* CustomNavLink.swift in Sources */,
				016FA3D82A581B3600A3859C /* CustomNavBarView.swift in Sources */,
				016FA3DC2A581B4900A3859C /* CustomNavView.swift in Sources */,
			);
			runOnlyForDeploymentPostprocessing = 0;
		};
/* End PBXSourcesBuildPhase section */

/* Begin XCBuildConfiguration section */
		016FA3CE2A581AED00A3859C /* Debug */ = {
			isa = XCBuildConfiguration;
			buildSettings = {
				ALWAYS_SEARCH_USER_PATHS = NO;
				CLANG_ANALYZER_NONNULL = YES;
				CLANG_ANALYZER_NUMBER_OBJECT_CONVERSION = YES_AGGRESSIVE;
				CLANG_CXX_LANGUAGE_STANDARD = "gnu++20";
				CLANG_ENABLE_MODULES = YES;
				CLANG_ENABLE_OBJC_ARC = YES;
				CLANG_ENABLE_OBJC_WEAK = YES;
				CLANG_WARN_BLOCK_CAPTURE_AUTORELEASING = YES;
				CLANG_WARN_BOOL_CONVERSION = YES;
				CLANG_WARN_COMMA = YES;
				CLANG_WARN_CONSTANT_CONVERSION = YES;
				CLANG_WARN_DEPRECATED_OBJC_IMPLEMENTATIONS = YES;
				CLANG_WARN_DIRECT_OBJC_ISA_USAGE = YES_ERROR;
				CLANG_WARN_DOCUMENTATION_COMMENTS = YES;
				CLANG_WARN_EMPTY_BODY = YES;
				CLANG_WARN_ENUM_CONVERSION = YES;
				CLANG_WARN_INFINITE_RECURSION = YES;
				CLANG_WARN_INT_CONVERSION = YES;
				CLANG_WARN_NON_LITERAL_NULL_CONVERSION = YES;
				CLANG_WARN_OBJC_IMPLICIT_RETAIN_SELF = YES;
				CLANG_WARN_OBJC_LITERAL_CONVERSION = YES;
				CLANG_WARN_OBJC_ROOT_CLASS = YES_ERROR;
				CLANG_WARN_QUOTED_INCLUDE_IN_FRAMEWORK_HEADER = YES;
				CLANG_WARN_RANGE_LOOP_ANALYSIS = YES;
				CLANG_WARN_STRICT_PROTOTYPES = YES;
				CLANG_WARN_SUSPICIOUS_MOVE = YES;
				CLANG_WARN_UNGUARDED_AVAILABILITY = YES_AGGRESSIVE;
				CLANG_WARN_UNREACHABLE_CODE = YES;
				CLANG_WARN__DUPLICATE_METHOD_MATCH = YES;
				COPY_PHASE_STRIP = NO;
				DEBUG_INFORMATION_FORMAT = dwarf;
				ENABLE_STRICT_OBJC_MSGSEND = YES;
				ENABLE_TESTABILITY = YES;
				GCC_C_LANGUAGE_STANDARD = gnu11;
				GCC_DYNAMIC_NO_PIC = NO;
				GCC_NO_COMMON_BLOCKS = YES;
				GCC_OPTIMIZATION_LEVEL = 0;
				GCC_PREPROCESSOR_DEFINITIONS = (
					"DEBUG=1",
					"$(inherited)",
				);
				GCC_WARN_64_TO_32_BIT_CONVERSION = YES;
				GCC_WARN_ABOUT_RETURN_TYPE = YES_ERROR;
				GCC_WARN_UNDECLARED_SELECTOR = YES;
				GCC_WARN_UNINITIALIZED_AUTOS = YES_AGGRESSIVE;
				GCC_WARN_UNUSED_FUNCTION = YES;
				GCC_WARN_UNUSED_VARIABLE = YES;
				IPHONEOS_DEPLOYMENT_TARGET = 16.4;
				MTL_ENABLE_DEBUG_INFO = INCLUDE_SOURCE;
				MTL_FAST_MATH = YES;
				ONLY_ACTIVE_ARCH = YES;
				SDKROOT = iphoneos;
				SWIFT_ACTIVE_COMPILATION_CONDITIONS = DEBUG;
				SWIFT_OPTIMIZATION_LEVEL = "-Onone";
			};
			name = Debug;
		};
		016FA3CF2A581AED00A3859C /* Release */ = {
			isa = XCBuildConfiguration;
			buildSettings = {
				ALWAYS_SEARCH_USER_PATHS = NO;
				CLANG_ANALYZER_NONNULL = YES;
				CLANG_ANALYZER_NUMBER_OBJECT_CONVERSION = YES_AGGRESSIVE;
				CLANG_CXX_LANGUAGE_STANDARD = "gnu++20";
				CLANG_ENABLE_MODULES = YES;
				CLANG_ENABLE_OBJC_ARC = YES;
				CLANG_ENABLE_OBJC_WEAK = YES;
				CLANG_WARN_BLOCK_CAPTURE_AUTORELEASING = YES;
				CLANG_WARN_BOOL_CONVERSION = YES;
				CLANG_WARN_COMMA = YES;
				CLANG_WARN_CONSTANT_CONVERSION = YES;
				CLANG_WARN_DEPRECATED_OBJC_IMPLEMENTATIONS = YES;
				CLANG_WARN_DIRECT_OBJC_ISA_USAGE = YES_ERROR;
				CLANG_WARN_DOCUMENTATION_COMMENTS = YES;
				CLANG_WARN_EMPTY_BODY = YES;
				CLANG_WARN_ENUM_CONVERSION = YES;
				CLANG_WARN_INFINITE_RECURSION = YES;
				CLANG_WARN_INT_CONVERSION = YES;
				CLANG_WARN_NON_LITERAL_NULL_CONVERSION = YES;
				CLANG_WARN_OBJC_IMPLICIT_RETAIN_SELF = YES;
				CLANG_WARN_OBJC_LITERAL_CONVERSION = YES;
				CLANG_WARN_OBJC_ROOT_CLASS = YES_ERROR;
				CLANG_WARN_QUOTED_INCLUDE_IN_FRAMEWORK_HEADER = YES;
				CLANG_WARN_RANGE_LOOP_ANALYSIS = YES;
				CLANG_WARN_STRICT_PROTOTYPES = YES;
				CLANG_WARN_SUSPICIOUS_MOVE = YES;
				CLANG_WARN_UNGUARDED_AVAILABILITY = YES_AGGRESSIVE;
				CLANG_WARN_UNREACHABLE_CODE = YES;
				CLANG_WARN__DUPLICATE_METHOD_MATCH = YES;
				COPY_PHASE_STRIP = NO;
				DEBUG_INFORMATION_FORMAT = "dwarf-with-dsym";
				ENABLE_NS_ASSERTIONS = NO;
				ENABLE_STRICT_OBJC_MSGSEND = YES;
				GCC_C_LANGUAGE_STANDARD = gnu11;
				GCC_NO_COMMON_BLOCKS = YES;
				GCC_WARN_64_TO_32_BIT_CONVERSION = YES;
				GCC_WARN_ABOUT_RETURN_TYPE = YES_ERROR;
				GCC_WARN_UNDECLARED_SELECTOR = YES;
				GCC_WARN_UNINITIALIZED_AUTOS = YES_AGGRESSIVE;
				GCC_WARN_UNUSED_FUNCTION = YES;
				GCC_WARN_UNUSED_VARIABLE = YES;
				IPHONEOS_DEPLOYMENT_TARGET = 16.4;
				MTL_ENABLE_DEBUG_INFO = NO;
				MTL_FAST_MATH = YES;
				SDKROOT = iphoneos;
				SWIFT_COMPILATION_MODE = wholemodule;
				SWIFT_OPTIMIZATION_LEVEL = "-O";
				VALIDATE_PRODUCT = YES;
			};
			name = Release;
		};
		016FA3D12A581AED00A3859C /* Debug */ = {
			isa = XCBuildConfiguration;
			buildSettings = {
				ASSETCATALOG_COMPILER_APPICON_NAME = AppIcon;
				ASSETCATALOG_COMPILER_GLOBAL_ACCENT_COLOR_NAME = AccentColor;
				CODE_SIGN_STYLE = Automatic;
				CURRENT_PROJECT_VERSION = 1;
				DEVELOPMENT_ASSET_PATHS = "\"NavViewBootcamp/Preview Content\"";
				DEVELOPMENT_TEAM = 6BWWY5VW6C;
				ENABLE_PREVIEWS = YES;
				GENERATE_INFOPLIST_FILE = YES;
				INFOPLIST_KEY_UIApplicationSceneManifest_Generation = YES;
				INFOPLIST_KEY_UIApplicationSupportsIndirectInputEvents = YES;
				INFOPLIST_KEY_UILaunchScreen_Generation = YES;
				INFOPLIST_KEY_UISupportedInterfaceOrientations_iPad = "UIInterfaceOrientationPortrait UIInterfaceOrientationPortraitUpsideDown UIInterfaceOrientationLandscapeLeft UIInterfaceOrientationLandscapeRight";
				INFOPLIST_KEY_UISupportedInterfaceOrientations_iPhone = "UIInterfaceOrientationPortrait UIInterfaceOrientationLandscapeLeft UIInterfaceOrientationLandscapeRight";
				LD_RUNPATH_SEARCH_PATHS = (
					"$(inherited)",
					"@executable_path/Frameworks",
				);
				MARKETING_VERSION = 1.0;
				PRODUCT_BUNDLE_IDENTIFIER = Frank.NavViewBootcamp;
				PRODUCT_NAME = "$(TARGET_NAME)";
				SWIFT_EMIT_LOC_STRINGS = YES;
				SWIFT_VERSION = 5.0;
				TARGETED_DEVICE_FAMILY = "1,2";
			};
			name = Debug;
		};
		016FA3D22A581AED00A3859C /* Release */ = {
			isa = XCBuildConfiguration;
			buildSettings = {
				ASSETCATALOG_COMPILER_APPICON_NAME = AppIcon;
				ASSETCATALOG_COMPILER_GLOBAL_ACCENT_COLOR_NAME = AccentColor;
				CODE_SIGN_STYLE = Automatic;
				CURRENT_PROJECT_VERSION = 1;
				DEVELOPMENT_ASSET_PATHS = "\"NavViewBootcamp/Preview Content\"";
				DEVELOPMENT_TEAM = 6BWWY5VW6C;
				ENABLE_PREVIEWS = YES;
				GENERATE_INFOPLIST_FILE = YES;
				INFOPLIST_KEY_UIApplicationSceneManifest_Generation = YES;
				INFOPLIST_KEY_UIApplicationSupportsIndirectInputEvents = YES;
				INFOPLIST_KEY_UILaunchScreen_Generation = YES;
				INFOPLIST_KEY_UISupportedInterfaceOrientations_iPad = "UIInterfaceOrientationPortrait UIInterfaceOrientationPortraitUpsideDown UIInterfaceOrientationLandscapeLeft UIInterfaceOrientationLandscapeRight";
				INFOPLIST_KEY_UISupportedInterfaceOrientations_iPhone = "UIInterfaceOrientationPortrait UIInterfaceOrientationLandscapeLeft UIInterfaceOrientationLandscapeRight";
				LD_RUNPATH_SEARCH_PATHS = (
					"$(inherited)",
					"@executable_path/Frameworks",
				);
				MARKETING_VERSION = 1.0;
				PRODUCT_BUNDLE_IDENTIFIER = Frank.NavViewBootcamp;
				PRODUCT_NAME = "$(TARGET_NAME)";
				SWIFT_EMIT_LOC_STRINGS = YES;
				SWIFT_VERSION = 5.0;
				TARGETED_DEVICE_FAMILY = "1,2";
			};
			name = Release;
		};
/* End XCBuildConfiguration section */

/* Begin XCConfigurationList section */
		016FA3BD2A581AEC00A3859C /* Build configuration list for PBXProject "NavViewBootcamp" */ = {
			isa = XCConfigurationList;
			buildConfigurations = (
				016FA3CE2A581AED00A3859C /* Debug */,
				016FA3CF2A581AED00A3859C /* Release */,
			);
			defaultConfigurationIsVisible = 0;
			defaultConfigurationName = Release;
		};
		016FA3D02A581AED00A3859C /* Build configuration list for PBXNativeTarget "NavViewBootcamp" */ = {
			isa = XCConfigurationList;
			buildConfigurations = (
				016FA3D12A581AED00A3859C /* Debug */,
				016FA3D22A581AED00A3859C /* Release */,
			);
			defaultConfigurationIsVisible = 0;
			defaultConfigurationName = Release;
		};
/* End XCConfigurationList section */
	};
	rootObject = 016FA3BA2A581AEC00A3859C /* Project object */;
}
